// !$*UTF8*$!
{
	archiveVersion = 1;
	classes = {
	};
	objectVersion = 45;
	objects = {

/* Begin PBXBuildFile section */
		BD6668550F83F84100ABF98B /* Foundation.framework in Frameworks */ = {isa = PBXBuildFile; fileRef = BD6668540F83F84100ABF98B /* Foundation.framework */; };
		BD80A3EC0F8A69980067878C /* OCMock.framework in Frameworks */ = {isa = PBXBuildFile; fileRef = BD80A3EB0F8A69980067878C /* OCMock.framework */; };
		BD80A3F90F8A6A180067878C /* OCMock.framework in CopyFiles */ = {isa = PBXBuildFile; fileRef = BD80A3EB0F8A69980067878C /* OCMock.framework */; };
		BD80A6F20F8C87A60067878C /* UnitTest-Info.plist in Resources */ = {isa = PBXBuildFile; fileRef = BD80A6F10F8C87A60067878C /* UnitTest-Info.plist */; };
		BE1871DA10F3818D00C8D044 /* selector_grammar.h in Headers */ = {isa = PBXBuildFile; fileRef = BE1871D910F3818D00C8D044 /* selector_grammar.h */; };
		BE5F17AB112EDDE400EC50B2 /* GTMIPhoneUnitTestDelegate.m in Sources */ = {isa = PBXBuildFile; fileRef = BE5F17A7112EDDE400EC50B2 /* GTMIPhoneUnitTestDelegate.m */; };
		BE5F17AC112EDDE400EC50B2 /* GTMIPhoneUnitTestMain.m in Sources */ = {isa = PBXBuildFile; fileRef = BE5F17A8112EDDE400EC50B2 /* GTMIPhoneUnitTestMain.m */; };
		BE5F17AD112EDDE400EC50B2 /* GTMSenTestCase.m in Sources */ = {isa = PBXBuildFile; fileRef = BE5F17AA112EDDE400EC50B2 /* GTMSenTestCase.m */; };
		BE5F17B1112EDE0000EC50B2 /* GrammarTest.m in Sources */ = {isa = PBXBuildFile; fileRef = BE5F17AE112EDE0000EC50B2 /* GrammarTest.m */; };
		BE5F17B2112EDE0000EC50B2 /* PropSetterManagerTest.m in Sources */ = {isa = PBXBuildFile; fileRef = BE5F17AF112EDE0000EC50B2 /* PropSetterManagerTest.m */; };
		BE5F17B3112EDE0000EC50B2 /* PropSetterTest.m in Sources */ = {isa = PBXBuildFile; fileRef = BE5F17B0112EDE0000EC50B2 /* PropSetterTest.m */; };
		BE5F17CA112EE25200EC50B2 /* PropSetter.m in Sources */ = {isa = PBXBuildFile; fileRef = BE5F17BD112EE25200EC50B2 /* PropSetter.m */; };
		BE5F17CB112EE25200EC50B2 /* PropSetterClause.m in Sources */ = {isa = PBXBuildFile; fileRef = BE5F17BE112EE25200EC50B2 /* PropSetterClause.m */; };
		BE5F17CC112EE25200EC50B2 /* PropSetterExpression.m in Sources */ = {isa = PBXBuildFile; fileRef = BE5F17BF112EE25200EC50B2 /* PropSetterExpression.m */; };
		BE5F17CD112EE25200EC50B2 /* PropSetterFunction.m in Sources */ = {isa = PBXBuildFile; fileRef = BE5F17C0112EE25200EC50B2 /* PropSetterFunction.m */; };
		BE5F17CE112EE25200EC50B2 /* PropSetterIdentifier.m in Sources */ = {isa = PBXBuildFile; fileRef = BE5F17C1112EE25200EC50B2 /* PropSetterIdentifier.m */; };
		BE5F17CF112EE25200EC50B2 /* PropSetterInvocationRecord.m in Sources */ = {isa = PBXBuildFile; fileRef = BE5F17C2112EE25200EC50B2 /* PropSetterInvocationRecord.m */; };
		BE5F17D0112EE25200EC50B2 /* PropSetterManager.m in Sources */ = {isa = PBXBuildFile; fileRef = BE5F17C3112EE25200EC50B2 /* PropSetterManager.m */; };
		BE5F17D1112EE25200EC50B2 /* PropSetterOperator.m in Sources */ = {isa = PBXBuildFile; fileRef = BE5F17C4112EE25200EC50B2 /* PropSetterOperator.m */; };
		BE5F17D2112EE25200EC50B2 /* PropSetterParser.m in Sources */ = {isa = PBXBuildFile; fileRef = BE5F17C5112EE25200EC50B2 /* PropSetterParser.m */; };
		BE5F17D3112EE25200EC50B2 /* PropSetterProperty.m in Sources */ = {isa = PBXBuildFile; fileRef = BE5F17C6112EE25200EC50B2 /* PropSetterProperty.m */; };
		BE5F17D4112EE25200EC50B2 /* PropSetterSelector.m in Sources */ = {isa = PBXBuildFile; fileRef = BE5F17C7112EE25200EC50B2 /* PropSetterSelector.m */; };
		BE5F17D5112EE25200EC50B2 /* PropSetterSelfReference.m in Sources */ = {isa = PBXBuildFile; fileRef = BE5F17C8112EE25200EC50B2 /* PropSetterSelfReference.m */; };
		BE5F17D6112EE25200EC50B2 /* PropSetterValue.m in Sources */ = {isa = PBXBuildFile; fileRef = BE5F17C9112EE25200EC50B2 /* PropSetterValue.m */; };
		BE5F17D7112EE25200EC50B2 /* PropSetter.m in Sources */ = {isa = PBXBuildFile; fileRef = BE5F17BD112EE25200EC50B2 /* PropSetter.m */; };
		BE5F17D8112EE25200EC50B2 /* PropSetterClause.m in Sources */ = {isa = PBXBuildFile; fileRef = BE5F17BE112EE25200EC50B2 /* PropSetterClause.m */; };
		BE5F17D9112EE25200EC50B2 /* PropSetterExpression.m in Sources */ = {isa = PBXBuildFile; fileRef = BE5F17BF112EE25200EC50B2 /* PropSetterExpression.m */; };
		BE5F17DA112EE25200EC50B2 /* PropSetterFunction.m in Sources */ = {isa = PBXBuildFile; fileRef = BE5F17C0112EE25200EC50B2 /* PropSetterFunction.m */; };
		BE5F17DB112EE25200EC50B2 /* PropSetterIdentifier.m in Sources */ = {isa = PBXBuildFile; fileRef = BE5F17C1112EE25200EC50B2 /* PropSetterIdentifier.m */; };
		BE5F17DC112EE25200EC50B2 /* PropSetterInvocationRecord.m in Sources */ = {isa = PBXBuildFile; fileRef = BE5F17C2112EE25200EC50B2 /* PropSetterInvocationRecord.m */; };
		BE5F17DD112EE25200EC50B2 /* PropSetterManager.m in Sources */ = {isa = PBXBuildFile; fileRef = BE5F17C3112EE25200EC50B2 /* PropSetterManager.m */; };
		BE5F17DE112EE25200EC50B2 /* PropSetterOperator.m in Sources */ = {isa = PBXBuildFile; fileRef = BE5F17C4112EE25200EC50B2 /* PropSetterOperator.m */; };
		BE5F17DF112EE25200EC50B2 /* PropSetterParser.m in Sources */ = {isa = PBXBuildFile; fileRef = BE5F17C5112EE25200EC50B2 /* PropSetterParser.m */; };
		BE5F17E0112EE25200EC50B2 /* PropSetterProperty.m in Sources */ = {isa = PBXBuildFile; fileRef = BE5F17C6112EE25200EC50B2 /* PropSetterProperty.m */; };
		BE5F17E1112EE25200EC50B2 /* PropSetterSelector.m in Sources */ = {isa = PBXBuildFile; fileRef = BE5F17C7112EE25200EC50B2 /* PropSetterSelector.m */; };
		BE5F17E2112EE25200EC50B2 /* PropSetterSelfReference.m in Sources */ = {isa = PBXBuildFile; fileRef = BE5F17C8112EE25200EC50B2 /* PropSetterSelfReference.m */; };
		BE5F17E3112EE25200EC50B2 /* PropSetterValue.m in Sources */ = {isa = PBXBuildFile; fileRef = BE5F17C9112EE25200EC50B2 /* PropSetterValue.m */; };
		BE5F17F4112EE26300EC50B2 /* PropSetter.h in Headers */ = {isa = PBXBuildFile; fileRef = BE5F17E4112EE26300EC50B2 /* PropSetter.h */; };
		BE5F17F5112EE26300EC50B2 /* PropSetterClause.h in Headers */ = {isa = PBXBuildFile; fileRef = BE5F17E5112EE26300EC50B2 /* PropSetterClause.h */; };
		BE5F17F6112EE26300EC50B2 /* PropSetterError.h in Headers */ = {isa = PBXBuildFile; fileRef = BE5F17E6112EE26300EC50B2 /* PropSetterError.h */; };
		BE5F17F7112EE26300EC50B2 /* PropSetterExpression.h in Headers */ = {isa = PBXBuildFile; fileRef = BE5F17E7112EE26300EC50B2 /* PropSetterExpression.h */; };
		BE5F17F8112EE26300EC50B2 /* PropSetterFunction.h in Headers */ = {isa = PBXBuildFile; fileRef = BE5F17E8112EE26300EC50B2 /* PropSetterFunction.h */; };
		BE5F17F9112EE26300EC50B2 /* PropSetterIdentifier.h in Headers */ = {isa = PBXBuildFile; fileRef = BE5F17E9112EE26300EC50B2 /* PropSetterIdentifier.h */; };
		BE5F17FA112EE26300EC50B2 /* PropSetterInvocationRecord.h in Headers */ = {isa = PBXBuildFile; fileRef = BE5F17EA112EE26300EC50B2 /* PropSetterInvocationRecord.h */; };
		BE5F17FB112EE26300EC50B2 /* PropSetterManager.h in Headers */ = {isa = PBXBuildFile; fileRef = BE5F17EB112EE26300EC50B2 /* PropSetterManager.h */; };
		BE5F17FC112EE26300EC50B2 /* PropSetterObjectWithValue.h in Headers */ = {isa = PBXBuildFile; fileRef = BE5F17EC112EE26300EC50B2 /* PropSetterObjectWithValue.h */; };
		BE5F17FD112EE26300EC50B2 /* PropSetterOperator.h in Headers */ = {isa = PBXBuildFile; fileRef = BE5F17ED112EE26300EC50B2 /* PropSetterOperator.h */; };
		BE5F17FE112EE26300EC50B2 /* PropSetterParser.h in Headers */ = {isa = PBXBuildFile; fileRef = BE5F17EE112EE26300EC50B2 /* PropSetterParser.h */; };
		BE5F17FF112EE26300EC50B2 /* PropSetterProperty.h in Headers */ = {isa = PBXBuildFile; fileRef = BE5F17EF112EE26300EC50B2 /* PropSetterProperty.h */; };
		BE5F1800112EE26300EC50B2 /* PropSetterSelector.h in Headers */ = {isa = PBXBuildFile; fileRef = BE5F17F0112EE26300EC50B2 /* PropSetterSelector.h */; };
		BE5F1801112EE26300EC50B2 /* PropSetterSelfReference.h in Headers */ = {isa = PBXBuildFile; fileRef = BE5F17F1112EE26300EC50B2 /* PropSetterSelfReference.h */; };
		BE5F1802112EE26300EC50B2 /* PropSetterTypes.h in Headers */ = {isa = PBXBuildFile; fileRef = BE5F17F2112EE26300EC50B2 /* PropSetterTypes.h */; };
		BE5F1803112EE26300EC50B2 /* PropSetterValue.h in Headers */ = {isa = PBXBuildFile; fileRef = BE5F17F3112EE26300EC50B2 /* PropSetterValue.h */; };
		BEB9A79110F535230094D27C /* UIKit.framework in Frameworks */ = {isa = PBXBuildFile; fileRef = BEB9A79010F535230094D27C /* UIKit.framework */; };
		BEB9A79510F535300094D27C /* CoreGraphics.framework in Frameworks */ = {isa = PBXBuildFile; fileRef = BEB9A79410F535300094D27C /* CoreGraphics.framework */; };
		BEEEFBF710F28DA100767C37 /* Foundation.framework in Frameworks */ = {isa = PBXBuildFile; fileRef = BEEEFBF610F28DA100767C37 /* Foundation.framework */; };
		BEEEFC8610F2999700767C37 /* libparsekit.a in Frameworks */ = {isa = PBXBuildFile; fileRef = BEEEFC8510F2999700767C37 /* libparsekit.a */; };
		BEEEFC8710F2999700767C37 /* libparsekit.a in Frameworks */ = {isa = PBXBuildFile; fileRef = BEEEFC8510F2999700767C37 /* libparsekit.a */; };
/* End PBXBuildFile section */

/* Begin PBXContainerItemProxy section */
		BE1871FC10F382A000C8D044 /* PBXContainerItemProxy */ = {
			isa = PBXContainerItemProxy;
			containerPortal = 0867D690FE84028FC02AAC07 /* Project object */;
			proxyType = 1;
			remoteGlobalIDString = BE1871EF10F3825E00C8D044;
			remoteInfo = "Generate Grammars";
		};
		BE1871FE10F382A800C8D044 /* PBXContainerItemProxy */ = {
			isa = PBXContainerItemProxy;
			containerPortal = 0867D690FE84028FC02AAC07 /* Project object */;
			proxyType = 1;
			remoteGlobalIDString = BE1871EF10F3825E00C8D044;
			remoteInfo = "Generate Grammars";
		};
/* End PBXContainerItemProxy section */

/* Begin PBXCopyFilesBuildPhase section */
		BD80A3F80F8A69DC0067878C /* CopyFiles */ = {
			isa = PBXCopyFilesBuildPhase;
			buildActionMask = 2147483647;
			dstPath = "";
			dstSubfolderSpec = 16;
			files = (
				BD80A3F90F8A6A180067878C /* OCMock.framework in CopyFiles */,
			);
			runOnlyForDeploymentPostprocessing = 0;
		};
/* End PBXCopyFilesBuildPhase section */

/* Begin PBXFileReference section */
		32DBCF5E0370ADEE00C91783 /* PropSetter_Prefix.pch */ = {isa = PBXFileReference; fileEncoding = 4; lastKnownFileType = sourcecode.c.h; path = PropSetter_Prefix.pch; sourceTree = "<group>"; };
		BD6668540F83F84100ABF98B /* Foundation.framework */ = {isa = PBXFileReference; lastKnownFileType = wrapper.framework; name = Foundation.framework; path = System/Library/Frameworks/Foundation.framework; sourceTree = SDKROOT; };
		BD6668560F83F84100ABF98B /* UIKit.framework */ = {isa = PBXFileReference; lastKnownFileType = wrapper.framework; name = UIKit.framework; path = System/Library/Frameworks/UIKit.framework; sourceTree = SDKROOT; };
		BD6668F70F83F87C00ABF98B /* CoreGraphics.framework */ = {isa = PBXFileReference; lastKnownFileType = wrapper.framework; name = CoreGraphics.framework; path = System/Library/Frameworks/CoreGraphics.framework; sourceTree = SDKROOT; };
		BD80A3A20F894C7F0067878C /* UnitTest.app */ = {isa = PBXFileReference; explicitFileType = wrapper.application; includeInIndex = 0; path = UnitTest.app; sourceTree = BUILT_PRODUCTS_DIR; };
		BD80A3EB0F8A69980067878C /* OCMock.framework */ = {isa = PBXFileReference; lastKnownFileType = wrapper.framework; name = OCMock.framework; path = Frameworks/OCMock.framework; sourceTree = "<group>"; };
		BD80A6F10F8C87A60067878C /* UnitTest-Info.plist */ = {isa = PBXFileReference; fileEncoding = 4; lastKnownFileType = text.plist.xml; path = "UnitTest-Info.plist"; sourceTree = SOURCE_ROOT; };
		BD80A79E0F8D3B310067878C /* RunIPhoneUnitTest.sh */ = {isa = PBXFileReference; fileEncoding = 4; lastKnownFileType = text.script.sh; path = RunIPhoneUnitTest.sh; sourceTree = SOURCE_ROOT; };
		BE1871D910F3818D00C8D044 /* selector_grammar.h */ = {isa = PBXFileReference; fileEncoding = 4; lastKnownFileType = sourcecode.c.h; path = selector_grammar.h; sourceTree = "<group>"; };
		BE5F17A5112EDDE400EC50B2 /* GTMDefines.h */ = {isa = PBXFileReference; fileEncoding = 4; lastKnownFileType = sourcecode.c.h; name = GTMDefines.h; path = test/GTMDefines.h; sourceTree = "<group>"; };
		BE5F17A6112EDDE400EC50B2 /* GTMIPhoneUnitTestDelegate.h */ = {isa = PBXFileReference; fileEncoding = 4; lastKnownFileType = sourcecode.c.h; name = GTMIPhoneUnitTestDelegate.h; path = test/GTMIPhoneUnitTestDelegate.h; sourceTree = "<group>"; };
		BE5F17A7112EDDE400EC50B2 /* GTMIPhoneUnitTestDelegate.m */ = {isa = PBXFileReference; fileEncoding = 4; lastKnownFileType = sourcecode.c.objc; name = GTMIPhoneUnitTestDelegate.m; path = test/GTMIPhoneUnitTestDelegate.m; sourceTree = "<group>"; };
		BE5F17A8112EDDE400EC50B2 /* GTMIPhoneUnitTestMain.m */ = {isa = PBXFileReference; fileEncoding = 4; lastKnownFileType = sourcecode.c.objc; name = GTMIPhoneUnitTestMain.m; path = test/GTMIPhoneUnitTestMain.m; sourceTree = "<group>"; };
		BE5F17A9112EDDE400EC50B2 /* GTMSenTestCase.h */ = {isa = PBXFileReference; fileEncoding = 4; lastKnownFileType = sourcecode.c.h; name = GTMSenTestCase.h; path = test/GTMSenTestCase.h; sourceTree = "<group>"; };
		BE5F17AA112EDDE400EC50B2 /* GTMSenTestCase.m */ = {isa = PBXFileReference; fileEncoding = 4; lastKnownFileType = sourcecode.c.objc; name = GTMSenTestCase.m; path = test/GTMSenTestCase.m; sourceTree = "<group>"; };
		BE5F17AE112EDE0000EC50B2 /* GrammarTest.m */ = {isa = PBXFileReference; fileEncoding = 4; lastKnownFileType = sourcecode.c.objc; name = GrammarTest.m; path = test/GrammarTest.m; sourceTree = "<group>"; };
		BE5F17AF112EDE0000EC50B2 /* PropSetterManagerTest.m */ = {isa = PBXFileReference; fileEncoding = 4; lastKnownFileType = sourcecode.c.objc; name = PropSetterManagerTest.m; path = test/PropSetterManagerTest.m; sourceTree = "<group>"; };
		BE5F17B0112EDE0000EC50B2 /* PropSetterTest.m */ = {isa = PBXFileReference; fileEncoding = 4; lastKnownFileType = sourcecode.c.objc; name = PropSetterTest.m; path = test/PropSetterTest.m; sourceTree = "<group>"; };
		BE5F17BD112EE25200EC50B2 /* PropSetter.m */ = {isa = PBXFileReference; fileEncoding = 4; lastKnownFileType = sourcecode.c.objc; name = PropSetter.m; path = src/PropSetter.m; sourceTree = "<group>"; };
		BE5F17BE112EE25200EC50B2 /* PropSetterClause.m */ = {isa = PBXFileReference; fileEncoding = 4; lastKnownFileType = sourcecode.c.objc; name = PropSetterClause.m; path = src/PropSetterClause.m; sourceTree = "<group>"; };
		BE5F17BF112EE25200EC50B2 /* PropSetterExpression.m */ = {isa = PBXFileReference; fileEncoding = 4; lastKnownFileType = sourcecode.c.objc; name = PropSetterExpression.m; path = src/PropSetterExpression.m; sourceTree = "<group>"; };
		BE5F17C0112EE25200EC50B2 /* PropSetterFunction.m */ = {isa = PBXFileReference; fileEncoding = 4; lastKnownFileType = sourcecode.c.objc; name = PropSetterFunction.m; path = src/PropSetterFunction.m; sourceTree = "<group>"; };
		BE5F17C1112EE25200EC50B2 /* PropSetterIdentifier.m */ = {isa = PBXFileReference; fileEncoding = 4; lastKnownFileType = sourcecode.c.objc; name = PropSetterIdentifier.m; path = src/PropSetterIdentifier.m; sourceTree = "<group>"; };
		BE5F17C2112EE25200EC50B2 /* PropSetterInvocationRecord.m */ = {isa = PBXFileReference; fileEncoding = 4; lastKnownFileType = sourcecode.c.objc; name = PropSetterInvocationRecord.m; path = src/PropSetterInvocationRecord.m; sourceTree = "<group>"; };
		BE5F17C3112EE25200EC50B2 /* PropSetterManager.m */ = {isa = PBXFileReference; fileEncoding = 4; lastKnownFileType = sourcecode.c.objc; name = PropSetterManager.m; path = src/PropSetterManager.m; sourceTree = "<group>"; };
		BE5F17C4112EE25200EC50B2 /* PropSetterOperator.m */ = {isa = PBXFileReference; fileEncoding = 4; lastKnownFileType = sourcecode.c.objc; name = PropSetterOperator.m; path = src/PropSetterOperator.m; sourceTree = "<group>"; };
		BE5F17C5112EE25200EC50B2 /* PropSetterParser.m */ = {isa = PBXFileReference; fileEncoding = 4; lastKnownFileType = sourcecode.c.objc; name = PropSetterParser.m; path = src/PropSetterParser.m; sourceTree = "<group>"; };
		BE5F17C6112EE25200EC50B2 /* PropSetterProperty.m */ = {isa = PBXFileReference; fileEncoding = 4; lastKnownFileType = sourcecode.c.objc; name = PropSetterProperty.m; path = src/PropSetterProperty.m; sourceTree = "<group>"; };
		BE5F17C7112EE25200EC50B2 /* PropSetterSelector.m */ = {isa = PBXFileReference; fileEncoding = 4; lastKnownFileType = sourcecode.c.objc; name = PropSetterSelector.m; path = src/PropSetterSelector.m; sourceTree = "<group>"; };
		BE5F17C8112EE25200EC50B2 /* PropSetterSelfReference.m */ = {isa = PBXFileReference; fileEncoding = 4; lastKnownFileType = sourcecode.c.objc; name = PropSetterSelfReference.m; path = src/PropSetterSelfReference.m; sourceTree = "<group>"; };
		BE5F17C9112EE25200EC50B2 /* PropSetterValue.m */ = {isa = PBXFileReference; fileEncoding = 4; lastKnownFileType = sourcecode.c.objc; name = PropSetterValue.m; path = src/PropSetterValue.m; sourceTree = "<group>"; };
		BE5F17E4112EE26300EC50B2 /* PropSetter.h */ = {isa = PBXFileReference; fileEncoding = 4; lastKnownFileType = sourcecode.c.h; name = PropSetter.h; path = include/PropSetter.h; sourceTree = "<group>"; };
		BE5F17E5112EE26300EC50B2 /* PropSetterClause.h */ = {isa = PBXFileReference; fileEncoding = 4; lastKnownFileType = sourcecode.c.h; name = PropSetterClause.h; path = include/PropSetterClause.h; sourceTree = "<group>"; };
		BE5F17E6112EE26300EC50B2 /* PropSetterError.h */ = {isa = PBXFileReference; fileEncoding = 4; lastKnownFileType = sourcecode.c.h; name = PropSetterError.h; path = include/PropSetterError.h; sourceTree = "<group>"; };
		BE5F17E7112EE26300EC50B2 /* PropSetterExpression.h */ = {isa = PBXFileReference; fileEncoding = 4; lastKnownFileType = sourcecode.c.h; name = PropSetterExpression.h; path = include/PropSetterExpression.h; sourceTree = "<group>"; };
		BE5F17E8112EE26300EC50B2 /* PropSetterFunction.h */ = {isa = PBXFileReference; fileEncoding = 4; lastKnownFileType = sourcecode.c.h; name = PropSetterFunction.h; path = include/PropSetterFunction.h; sourceTree = "<group>"; };
		BE5F17E9112EE26300EC50B2 /* PropSetterIdentifier.h */ = {isa = PBXFileReference; fileEncoding = 4; lastKnownFileType = sourcecode.c.h; name = PropSetterIdentifier.h; path = include/PropSetterIdentifier.h; sourceTree = "<group>"; };
		BE5F17EA112EE26300EC50B2 /* PropSetterInvocationRecord.h */ = {isa = PBXFileReference; fileEncoding = 4; lastKnownFileType = sourcecode.c.h; name = PropSetterInvocationRecord.h; path = include/PropSetterInvocationRecord.h; sourceTree = "<group>"; };
		BE5F17EB112EE26300EC50B2 /* PropSetterManager.h */ = {isa = PBXFileReference; fileEncoding = 4; lastKnownFileType = sourcecode.c.h; name = PropSetterManager.h; path = include/PropSetterManager.h; sourceTree = "<group>"; };
		BE5F17EC112EE26300EC50B2 /* PropSetterObjectWithValue.h */ = {isa = PBXFileReference; fileEncoding = 4; lastKnownFileType = sourcecode.c.h; name = PropSetterObjectWithValue.h; path = include/PropSetterObjectWithValue.h; sourceTree = "<group>"; };
		BE5F17ED112EE26300EC50B2 /* PropSetterOperator.h */ = {isa = PBXFileReference; fileEncoding = 4; lastKnownFileType = sourcecode.c.h; name = PropSetterOperator.h; path = include/PropSetterOperator.h; sourceTree = "<group>"; };
		BE5F17EE112EE26300EC50B2 /* PropSetterParser.h */ = {isa = PBXFileReference; fileEncoding = 4; lastKnownFileType = sourcecode.c.h; name = PropSetterParser.h; path = include/PropSetterParser.h; sourceTree = "<group>"; };
		BE5F17EF112EE26300EC50B2 /* PropSetterProperty.h */ = {isa = PBXFileReference; fileEncoding = 4; lastKnownFileType = sourcecode.c.h; name = PropSetterProperty.h; path = include/PropSetterProperty.h; sourceTree = "<group>"; };
		BE5F17F0112EE26300EC50B2 /* PropSetterSelector.h */ = {isa = PBXFileReference; fileEncoding = 4; lastKnownFileType = sourcecode.c.h; name = PropSetterSelector.h; path = include/PropSetterSelector.h; sourceTree = "<group>"; };
		BE5F17F1112EE26300EC50B2 /* PropSetterSelfReference.h */ = {isa = PBXFileReference; fileEncoding = 4; lastKnownFileType = sourcecode.c.h; name = PropSetterSelfReference.h; path = include/PropSetterSelfReference.h; sourceTree = "<group>"; };
		BE5F17F2112EE26300EC50B2 /* PropSetterTypes.h */ = {isa = PBXFileReference; fileEncoding = 4; lastKnownFileType = sourcecode.c.h; name = PropSetterTypes.h; path = include/PropSetterTypes.h; sourceTree = "<group>"; };
		BE5F17F3112EE26300EC50B2 /* PropSetterValue.h */ = {isa = PBXFileReference; fileEncoding = 4; lastKnownFileType = sourcecode.c.h; name = PropSetterValue.h; path = include/PropSetterValue.h; sourceTree = "<group>"; };
		BEB9A79010F535230094D27C /* UIKit.framework */ = {isa = PBXFileReference; lastKnownFileType = wrapper.framework; name = UIKit.framework; path = System/Library/Frameworks/UIKit.framework; sourceTree = SDKROOT; };
		BEB9A79410F535300094D27C /* CoreGraphics.framework */ = {isa = PBXFileReference; lastKnownFileType = wrapper.framework; name = CoreGraphics.framework; path = System/Library/Frameworks/CoreGraphics.framework; sourceTree = SDKROOT; };
		BEEEFBF610F28DA100767C37 /* Foundation.framework */ = {isa = PBXFileReference; lastKnownFileType = wrapper.framework; name = Foundation.framework; path = System/Library/Frameworks/Foundation.framework; sourceTree = SDKROOT; };
		BEEEFC8510F2999700767C37 /* libparsekit.a */ = {isa = PBXFileReference; lastKnownFileType = archive.ar; path = libparsekit.a; sourceTree = "<group>"; };
		D2AAC07E0554694100DB518D /* libPropSetter.a */ = {isa = PBXFileReference; explicitFileType = archive.ar; includeInIndex = 0; path = libPropSetter.a; sourceTree = BUILT_PRODUCTS_DIR; };
/* End PBXFileReference section */

/* Begin PBXFrameworksBuildPhase section */
		BD80A3A00F894C7F0067878C /* Frameworks */ = {
			isa = PBXFrameworksBuildPhase;
			buildActionMask = 2147483647;
			files = (
				BD80A3EC0F8A69980067878C /* OCMock.framework in Frameworks */,
				BEEEFBF710F28DA100767C37 /* Foundation.framework in Frameworks */,
				BEEEFC8610F2999700767C37 /* libparsekit.a in Frameworks */,
				BEB9A79110F535230094D27C /* UIKit.framework in Frameworks */,
				BEB9A79510F535300094D27C /* CoreGraphics.framework in Frameworks */,
			);
			runOnlyForDeploymentPostprocessing = 0;
		};
		D2AAC07C0554694100DB518D /* Frameworks */ = {
			isa = PBXFrameworksBuildPhase;
			buildActionMask = 2147483647;
			files = (
				BD6668550F83F84100ABF98B /* Foundation.framework in Frameworks */,
				BEEEFC8710F2999700767C37 /* libparsekit.a in Frameworks */,
			);
			runOnlyForDeploymentPostprocessing = 0;
		};
/* End PBXFrameworksBuildPhase section */

/* Begin PBXGroup section */
		034768DFFF38A50411DB9C8B /* Products */ = {
			isa = PBXGroup;
			children = (
				D2AAC07E0554694100DB518D /* libPropSetter.a */,
				BD80A3A20F894C7F0067878C /* UnitTest.app */,
			);
			name = Products;
			sourceTree = "<group>";
		};
		0867D691FE84028FC02AAC07 /* PropSetter */ = {
			isa = PBXGroup;
			children = (
				BEEEFC8510F2999700767C37 /* libparsekit.a */,
				BD849B6E0F8921ED00EB1682 /* GoogleToolbox */,
				BD849B6C0F8921BB00EB1682 /* UnitTests */,
				08FB77AEFE84172EC02AAC07 /* Source */,
				32C88DFF0371C24200C91783 /* Other Sources */,
				0867D69AFE84028FC02AAC07 /* Frameworks */,
				034768DFFF38A50411DB9C8B /* Products */,
				BEEEFB5A10F2878C00767C37 /* Resources */,
				BD80A6F10F8C87A60067878C /* UnitTest-Info.plist */,
				BD80A79E0F8D3B310067878C /* RunIPhoneUnitTest.sh */,
				BEEEFBF610F28DA100767C37 /* Foundation.framework */,
				BEB9A79010F535230094D27C /* UIKit.framework */,
				BEB9A79410F535300094D27C /* CoreGraphics.framework */,
			);
			name = PropSetter;
			sourceTree = "<group>";
		};
		0867D69AFE84028FC02AAC07 /* Frameworks */ = {
			isa = PBXGroup;
			children = (
				BD80A3EB0F8A69980067878C /* OCMock.framework */,
				BD6668560F83F84100ABF98B /* UIKit.framework */,
				BD6668540F83F84100ABF98B /* Foundation.framework */,
				BD6668F70F83F87C00ABF98B /* CoreGraphics.framework */,
			);
			name = Frameworks;
			sourceTree = "<group>";
		};
		08FB77AEFE84172EC02AAC07 /* Source */ = {
			isa = PBXGroup;
			children = (
				BE5F17E4112EE26300EC50B2 /* PropSetter.h */,
				BE5F17E5112EE26300EC50B2 /* PropSetterClause.h */,
				BE5F17E6112EE26300EC50B2 /* PropSetterError.h */,
				BE5F17E7112EE26300EC50B2 /* PropSetterExpression.h */,
				BE5F17E8112EE26300EC50B2 /* PropSetterFunction.h */,
				BE5F17E9112EE26300EC50B2 /* PropSetterIdentifier.h */,
				BE5F17EA112EE26300EC50B2 /* PropSetterInvocationRecord.h */,
				BE5F17EB112EE26300EC50B2 /* PropSetterManager.h */,
				BE5F17EC112EE26300EC50B2 /* PropSetterObjectWithValue.h */,
				BE5F17ED112EE26300EC50B2 /* PropSetterOperator.h */,
				BE5F17EE112EE26300EC50B2 /* PropSetterParser.h */,
				BE5F17EF112EE26300EC50B2 /* PropSetterProperty.h */,
				BE5F17F0112EE26300EC50B2 /* PropSetterSelector.h */,
				BE5F17F1112EE26300EC50B2 /* PropSetterSelfReference.h */,
				BE5F17F2112EE26300EC50B2 /* PropSetterTypes.h */,
				BE5F17F3112EE26300EC50B2 /* PropSetterValue.h */,
				BE5F17BD112EE25200EC50B2 /* PropSetter.m */,
				BE5F17BE112EE25200EC50B2 /* PropSetterClause.m */,
				BE5F17BF112EE25200EC50B2 /* PropSetterExpression.m */,
				BE5F17C0112EE25200EC50B2 /* PropSetterFunction.m */,
				BE5F17C1112EE25200EC50B2 /* PropSetterIdentifier.m */,
				BE5F17C2112EE25200EC50B2 /* PropSetterInvocationRecord.m */,
				BE5F17C3112EE25200EC50B2 /* PropSetterManager.m */,
				BE5F17C4112EE25200EC50B2 /* PropSetterOperator.m */,
				BE5F17C5112EE25200EC50B2 /* PropSetterParser.m */,
				BE5F17C6112EE25200EC50B2 /* PropSetterProperty.m */,
				BE5F17C7112EE25200EC50B2 /* PropSetterSelector.m */,
				BE5F17C8112EE25200EC50B2 /* PropSetterSelfReference.m */,
				BE5F17C9112EE25200EC50B2 /* PropSetterValue.m */,
				BE1871D910F3818D00C8D044 /* selector_grammar.h */,
			);
			name = Source;
			sourceTree = "<group>";
		};
		32C88DFF0371C24200C91783 /* Other Sources */ = {
			isa = PBXGroup;
			children = (
				32DBCF5E0370ADEE00C91783 /* PropSetter_Prefix.pch */,
			);
			name = "Other Sources";
			sourceTree = "<group>";
		};
		BD849B6C0F8921BB00EB1682 /* UnitTests */ = {
			isa = PBXGroup;
			children = (
				BE5F17AE112EDE0000EC50B2 /* GrammarTest.m */,
				BE5F17AF112EDE0000EC50B2 /* PropSetterManagerTest.m */,
				BE5F17B0112EDE0000EC50B2 /* PropSetterTest.m */,
			);
			name = UnitTests;
			sourceTree = "<group>";
		};
		BD849B6E0F8921ED00EB1682 /* GoogleToolbox */ = {
			isa = PBXGroup;
			children = (
				BE5F17A5112EDDE400EC50B2 /* GTMDefines.h */,
				BE5F17A6112EDDE400EC50B2 /* GTMIPhoneUnitTestDelegate.h */,
				BE5F17A7112EDDE400EC50B2 /* GTMIPhoneUnitTestDelegate.m */,
				BE5F17A8112EDDE400EC50B2 /* GTMIPhoneUnitTestMain.m */,
				BE5F17A9112EDDE400EC50B2 /* GTMSenTestCase.h */,
				BE5F17AA112EDDE400EC50B2 /* GTMSenTestCase.m */,
			);
			name = GoogleToolbox;
			sourceTree = "<group>";
		};
		BEEEFB5A10F2878C00767C37 /* Resources */ = {
			isa = PBXGroup;
			children = (
			);
			name = Resources;
			sourceTree = "<group>";
		};
/* End PBXGroup section */

/* Begin PBXHeadersBuildPhase section */
		D2AAC07A0554694100DB518D /* Headers */ = {
			isa = PBXHeadersBuildPhase;
			buildActionMask = 2147483647;
			files = (
				BE1871DA10F3818D00C8D044 /* selector_grammar.h in Headers */,
				BE5F17F4112EE26300EC50B2 /* PropSetter.h in Headers */,
				BE5F17F5112EE26300EC50B2 /* PropSetterClause.h in Headers */,
				BE5F17F6112EE26300EC50B2 /* PropSetterError.h in Headers */,
				BE5F17F7112EE26300EC50B2 /* PropSetterExpression.h in Headers */,
				BE5F17F8112EE26300EC50B2 /* PropSetterFunction.h in Headers */,
				BE5F17F9112EE26300EC50B2 /* PropSetterIdentifier.h in Headers */,
				BE5F17FA112EE26300EC50B2 /* PropSetterInvocationRecord.h in Headers */,
				BE5F17FB112EE26300EC50B2 /* PropSetterManager.h in Headers */,
				BE5F17FC112EE26300EC50B2 /* PropSetterObjectWithValue.h in Headers */,
				BE5F17FD112EE26300EC50B2 /* PropSetterOperator.h in Headers */,
				BE5F17FE112EE26300EC50B2 /* PropSetterParser.h in Headers */,
				BE5F17FF112EE26300EC50B2 /* PropSetterProperty.h in Headers */,
				BE5F1800112EE26300EC50B2 /* PropSetterSelector.h in Headers */,
				BE5F1801112EE26300EC50B2 /* PropSetterSelfReference.h in Headers */,
				BE5F1802112EE26300EC50B2 /* PropSetterTypes.h in Headers */,
				BE5F1803112EE26300EC50B2 /* PropSetterValue.h in Headers */,
			);
			runOnlyForDeploymentPostprocessing = 0;
		};
/* End PBXHeadersBuildPhase section */

/* Begin PBXLegacyTarget section */
		BE1871EF10F3825E00C8D044 /* Generate Grammars */ = {
			isa = PBXLegacyTarget;
			buildArgumentsString = "-i res/selector.grammar selector_grammar.h";
			buildConfigurationList = BE1871FA10F3826E00C8D044 /* Build configuration list for PBXLegacyTarget "Generate Grammars" */;
			buildPhases = (
			);
			buildToolPath = /usr/bin/xxd;
			buildWorkingDirectory = /Users/czelenak/opt/src/PropSetter;
			dependencies = (
			);
			name = "Generate Grammars";
			passBuildSettingsInEnvironment = 1;
			productName = "Generate Grammars";
		};
/* End PBXLegacyTarget section */

/* Begin PBXNativeTarget section */
		BD80A3A10F894C7F0067878C /* UnitTest */ = {
			isa = PBXNativeTarget;
			buildConfigurationList = BD80A3B30F894CAE0067878C /* Build configuration list for PBXNativeTarget "UnitTest" */;
			buildPhases = (
				BD80A3F80F8A69DC0067878C /* CopyFiles */,
				BD80A39E0F894C7F0067878C /* Resources */,
				BD80A39F0F894C7F0067878C /* Sources */,
				BD80A3A00F894C7F0067878C /* Frameworks */,
				BD80A3C90F894CDD0067878C /* ShellScript */,
			);
			buildRules = (
			);
			dependencies = (
				BE1871FF10F382A800C8D044 /* PBXTargetDependency */,
			);
			name = UnitTest;
			productName = UnitTest;
			productReference = BD80A3A20F894C7F0067878C /* UnitTest.app */;
			productType = "com.apple.product-type.application";
		};
		D2AAC07D0554694100DB518D /* PropSetter */ = {
			isa = PBXNativeTarget;
			buildConfigurationList = 1DEB921E08733DC00010E9CD /* Build configuration list for PBXNativeTarget "PropSetter" */;
			buildPhases = (
				D2AAC07A0554694100DB518D /* Headers */,
				D2AAC07B0554694100DB518D /* Sources */,
				D2AAC07C0554694100DB518D /* Frameworks */,
			);
			buildRules = (
			);
			dependencies = (
				BE1871FD10F382A000C8D044 /* PBXTargetDependency */,
			);
			name = PropSetter;
			productName = PropSetter;
			productReference = D2AAC07E0554694100DB518D /* libPropSetter.a */;
			productType = "com.apple.product-type.library.static";
		};
/* End PBXNativeTarget section */

/* Begin PBXProject section */
		0867D690FE84028FC02AAC07 /* Project object */ = {
			isa = PBXProject;
			buildConfigurationList = 1DEB922208733DC00010E9CD /* Build configuration list for PBXProject "PropSetter" */;
			compatibilityVersion = "Xcode 3.1";
			hasScannedForEncodings = 1;
			mainGroup = 0867D691FE84028FC02AAC07 /* PropSetter */;
			productRefGroup = 034768DFFF38A50411DB9C8B /* Products */;
			projectDirPath = "";
			projectRoot = "";
			targets = (
				D2AAC07D0554694100DB518D /* PropSetter */,
				BD80A3A10F894C7F0067878C /* UnitTest */,
				BE1871EF10F3825E00C8D044 /* Generate Grammars */,
			);
		};
/* End PBXProject section */

/* Begin PBXResourcesBuildPhase section */
		BD80A39E0F894C7F0067878C /* Resources */ = {
			isa = PBXResourcesBuildPhase;
			buildActionMask = 2147483647;
			files = (
				BD80A6F20F8C87A60067878C /* UnitTest-Info.plist in Resources */,
			);
			runOnlyForDeploymentPostprocessing = 0;
		};
/* End PBXResourcesBuildPhase section */

/* Begin PBXShellScriptBuildPhase section */
		BD80A3C90F894CDD0067878C /* ShellScript */ = {
			isa = PBXShellScriptBuildPhase;
			buildActionMask = 2147483647;
			files = (
			);
			inputPaths = (
			);
			outputPaths = (
			);
			runOnlyForDeploymentPostprocessing = 0;
			shellPath = /bin/sh;
			shellScript = "#\"$GTM_PATH/UnitTesting/RunIPhoneUnitTest.sh\"\n\n\"$PROJECT_DIR/RunIPhoneUnitTest.sh\"";
			showEnvVarsInLog = 0;
		};
/* End PBXShellScriptBuildPhase section */

/* Begin PBXSourcesBuildPhase section */
		BD80A39F0F894C7F0067878C /* Sources */ = {
			isa = PBXSourcesBuildPhase;
			buildActionMask = 2147483647;
			files = (
				BE5F17AB112EDDE400EC50B2 /* GTMIPhoneUnitTestDelegate.m in Sources */,
				BE5F17AC112EDDE400EC50B2 /* GTMIPhoneUnitTestMain.m in Sources */,
				BE5F17AD112EDDE400EC50B2 /* GTMSenTestCase.m in Sources */,
				BE5F17B1112EDE0000EC50B2 /* GrammarTest.m in Sources */,
				BE5F17B2112EDE0000EC50B2 /* PropSetterManagerTest.m in Sources */,
				BE5F17B3112EDE0000EC50B2 /* PropSetterTest.m in Sources */,
				BE5F17CA112EE25200EC50B2 /* PropSetter.m in Sources */,
				BE5F17CB112EE25200EC50B2 /* PropSetterClause.m in Sources */,
				BE5F17CC112EE25200EC50B2 /* PropSetterExpression.m in Sources */,
				BE5F17CD112EE25200EC50B2 /* PropSetterFunction.m in Sources */,
				BE5F17CE112EE25200EC50B2 /* PropSetterIdentifier.m in Sources */,
				BE5F17CF112EE25200EC50B2 /* PropSetterInvocationRecord.m in Sources */,
				BE5F17D0112EE25200EC50B2 /* PropSetterManager.m in Sources */,
				BE5F17D1112EE25200EC50B2 /* PropSetterOperator.m in Sources */,
				BE5F17D2112EE25200EC50B2 /* PropSetterParser.m in Sources */,
				BE5F17D3112EE25200EC50B2 /* PropSetterProperty.m in Sources */,
				BE5F17D4112EE25200EC50B2 /* PropSetterSelector.m in Sources */,
				BE5F17D5112EE25200EC50B2 /* PropSetterSelfReference.m in Sources */,
				BE5F17D6112EE25200EC50B2 /* PropSetterValue.m in Sources */,
			);
			runOnlyForDeploymentPostprocessing = 0;
		};
		D2AAC07B0554694100DB518D /* Sources */ = {
			isa = PBXSourcesBuildPhase;
			buildActionMask = 2147483647;
			files = (
				BE5F17D7112EE25200EC50B2 /* PropSetter.m in Sources */,
				BE5F17D8112EE25200EC50B2 /* PropSetterClause.m in Sources */,
				BE5F17D9112EE25200EC50B2 /* PropSetterExpression.m in Sources */,
				BE5F17DA112EE25200EC50B2 /* PropSetterFunction.m in Sources */,
				BE5F17DB112EE25200EC50B2 /* PropSetterIdentifier.m in Sources */,
				BE5F17DC112EE25200EC50B2 /* PropSetterInvocationRecord.m in Sources */,
				BE5F17DD112EE25200EC50B2 /* PropSetterManager.m in Sources */,
				BE5F17DE112EE25200EC50B2 /* PropSetterOperator.m in Sources */,
				BE5F17DF112EE25200EC50B2 /* PropSetterParser.m in Sources */,
				BE5F17E0112EE25200EC50B2 /* PropSetterProperty.m in Sources */,
				BE5F17E1112EE25200EC50B2 /* PropSetterSelector.m in Sources */,
				BE5F17E2112EE25200EC50B2 /* PropSetterSelfReference.m in Sources */,
				BE5F17E3112EE25200EC50B2 /* PropSetterValue.m in Sources */,
			);
			runOnlyForDeploymentPostprocessing = 0;
		};
/* End PBXSourcesBuildPhase section */

/* Begin PBXTargetDependency section */
		BE1871FD10F382A000C8D044 /* PBXTargetDependency */ = {
			isa = PBXTargetDependency;
			target = BE1871EF10F3825E00C8D044 /* Generate Grammars */;
			targetProxy = BE1871FC10F382A000C8D044 /* PBXContainerItemProxy */;
		};
		BE1871FF10F382A800C8D044 /* PBXTargetDependency */ = {
			isa = PBXTargetDependency;
			target = BE1871EF10F3825E00C8D044 /* Generate Grammars */;
			targetProxy = BE1871FE10F382A800C8D044 /* PBXContainerItemProxy */;
		};
/* End PBXTargetDependency section */

/* Begin XCBuildConfiguration section */
		1DEB921F08733DC00010E9CD /* Debug */ = {
			isa = XCBuildConfiguration;
			buildSettings = {
				ALWAYS_SEARCH_USER_PATHS = NO;
				ARCHS = "$(ARCHS_STANDARD_32_BIT)";
				COPY_PHASE_STRIP = NO;
				DEAD_CODE_STRIPPING = YES;
				GCC_DYNAMIC_NO_PIC = NO;
				GCC_ENABLE_FIX_AND_CONTINUE = YES;
				GCC_MODEL_TUNING = G5;
				GCC_OPTIMIZATION_LEVEL = 0;
				GCC_PRECOMPILE_PREFIX_HEADER = YES;
				GCC_PREFIX_HEADER = PropSetter_Prefix.pch;
				INSTALL_PATH = /usr/local/lib;
				LIBRARY_SEARCH_PATHS = (
					"$(inherited)",
					"\"$(SRCROOT)\"",
				);
				ONLY_ACTIVE_ARCH = YES;
				OTHER_CFLAGS = "-DDEBUG=1";
				OTHER_LDFLAGS = "";
				PRODUCT_NAME = PropSetter;
			};
			name = Debug;
		};
		1DEB922008733DC00010E9CD /* Release */ = {
			isa = XCBuildConfiguration;
			buildSettings = {
				ALWAYS_SEARCH_USER_PATHS = NO;
				ARCHS = "$(ARCHS_STANDARD_32_BIT)";
				DEAD_CODE_STRIPPING = YES;
				DEBUG_INFORMATION_FORMAT = "dwarf-with-dsym";
				GCC_MODEL_TUNING = G5;
				GCC_PRECOMPILE_PREFIX_HEADER = YES;
				GCC_PREFIX_HEADER = PropSetter_Prefix.pch;
				INSTALL_PATH = /usr/local/lib;
				LIBRARY_SEARCH_PATHS = (
					"$(inherited)",
					"\"$(SRCROOT)\"",
				);
				OTHER_CFLAGS = "";
				OTHER_LDFLAGS = "";
				PRODUCT_NAME = PropSetter;
			};
			name = Release;
		};
		1DEB922308733DC00010E9CD /* Debug */ = {
			isa = XCBuildConfiguration;
			buildSettings = {
				ARCHS = "$(ARCHS_STANDARD_32_BIT)";
				CODE_SIGN_IDENTITY = "Don't Code Sign";
				GCC_C_LANGUAGE_STANDARD = c99;
				GCC_OPTIMIZATION_LEVEL = 0;
				GCC_WARN_ABOUT_RETURN_TYPE = YES;
				GCC_WARN_UNUSED_VARIABLE = YES;
				HEADER_SEARCH_PATHS = /Users/czelenak/opt/build/todparsekit/include/;
				IPHONEOS_DEPLOYMENT_TARGET = 2.0;
				ONLY_ACTIVE_ARCH = NO;
				OTHER_CODE_SIGN_FLAGS = "";
				OTHER_LDFLAGS = "";
				PREBINDING = NO;
				PROVISIONING_PROFILE = "";
				SDKROOT = iphoneos3.1.3;
			};
			name = Debug;
		};
		1DEB922408733DC00010E9CD /* Release */ = {
			isa = XCBuildConfiguration;
			buildSettings = {
				ARCHS = "$(ARCHS_STANDARD_32_BIT)";
				GCC_C_LANGUAGE_STANDARD = c99;
				GCC_WARN_ABOUT_RETURN_TYPE = YES;
				GCC_WARN_UNUSED_VARIABLE = YES;
				HEADER_SEARCH_PATHS = /Users/czelenak/opt/build/todparsekit/include/;
				IPHONEOS_DEPLOYMENT_TARGET = 2.0;
				OTHER_LDFLAGS = "";
				PREBINDING = NO;
				SDKROOT = iphoneos3.1.3;
			};
			name = Release;
		};
		BD80A3A40F894C800067878C /* Debug */ = {
			isa = XCBuildConfiguration;
			buildSettings = {
				ALWAYS_SEARCH_USER_PATHS = NO;
				CODE_SIGN_IDENTITY = "Don't Code Sign";
				COPY_PHASE_STRIP = NO;
				FRAMEWORK_SEARCH_PATHS = (
					"$(inherited)",
					"\"$(SRCROOT)/Frameworks\"",
				);
				GCC_DYNAMIC_NO_PIC = NO;
				GCC_OPTIMIZATION_LEVEL = 0;
				GCC_PRECOMPILE_PREFIX_HEADER = YES;
				GCC_PREFIX_HEADER = PropSetter_Prefix.pch;
				HEADER_SEARCH_PATHS = (
					/Users/czelenak/opt/build/todparsekit/include/,
					"\"$(SRCROOT)/Frameworks\"/**",
				);
				INFOPLIST_FILE = "UnitTest-Info.plist";
				INSTALL_PATH = "$(HOME)/Applications";
				LIBRARY_SEARCH_PATHS = (
					"$(inherited)",
					"\"$(SRCROOT)\"",
				);
				OTHER_CFLAGS = "-DDEBUG=1";
				OTHER_LDFLAGS = (
					"-framework",
					Foundation,
					"-framework",
					UIKit,
					"-licucore",
					"-Objc",
					"-all_load",
				);
				PREBINDING = NO;
				PRODUCT_NAME = UnitTest;
				SDKROOT = iphonesimulator3.1.2;
				USER_HEADER_SEARCH_PATHS = "\"$(SRCROOT)/Frameworks\"/**";
			};
			name = Debug;
		};
		BD80A3A50F894C800067878C /* Release */ = {
			isa = XCBuildConfiguration;
			buildSettings = {
				ALWAYS_SEARCH_USER_PATHS = NO;
				CODE_SIGN_IDENTITY = "Don't Code Sign";
				COPY_PHASE_STRIP = YES;
				DEBUG_INFORMATION_FORMAT = "dwarf-with-dsym";
				FRAMEWORK_SEARCH_PATHS = (
					"$(inherited)",
					"\"$(SRCROOT)/Frameworks\"",
				);
				GCC_ENABLE_FIX_AND_CONTINUE = NO;
				GCC_PRECOMPILE_PREFIX_HEADER = YES;
				GCC_PREFIX_HEADER = GTM_Prefix.pch;
				HEADER_SEARCH_PATHS = (
					/Users/czelenak/opt/build/todparsekit/include/,
					"\"$(SRCROOT)/Frameworks\"/**",
				);
				INFOPLIST_FILE = "UnitTest-Info.plist";
				INSTALL_PATH = "$(HOME)/Applications";
				LIBRARY_SEARCH_PATHS = (
					"$(inherited)",
					"\"$(SRCROOT)\"",
				);
				OTHER_LDFLAGS = (
					"-framework",
					Foundation,
					"-framework",
					UIKit,
					"-licucore",
					"-Objc",
					"-all_load",
				);
				PREBINDING = NO;
				PRODUCT_NAME = UnitTest;
				SDKROOT = iphonesimulator3.1.2;
				USER_HEADER_SEARCH_PATHS = "\"$(SRCROOT)/Frameworks\"/**";
				ZERO_LINK = NO;
			};
			name = Release;
		};
		BE1871F010F3825E00C8D044 /* Debug */ = {
			isa = XCBuildConfiguration;
			buildSettings = {
				COPY_PHASE_STRIP = NO;
				GCC_DYNAMIC_NO_PIC = NO;
				GCC_OPTIMIZATION_LEVEL = 0;
				PRODUCT_NAME = "Generate Grammars";
			};
			name = Debug;
		};
		BE1871F110F3825E00C8D044 /* Release */ = {
			isa = XCBuildConfiguration;
			buildSettings = {
				COPY_PHASE_STRIP = YES;
				DEBUG_INFORMATION_FORMAT = "dwarf-with-dsym";
				GCC_ENABLE_FIX_AND_CONTINUE = NO;
				PRODUCT_NAME = "Generate Grammars";
				ZERO_LINK = NO;
			};
			name = Release;
		};
/* End XCBuildConfiguration section */

/* Begin XCConfigurationList section */
		1DEB921E08733DC00010E9CD /* Build configuration list for PBXNativeTarget "PropSetter" */ = {
			isa = XCConfigurationList;
			buildConfigurations = (
				1DEB921F08733DC00010E9CD /* Debug */,
				1DEB922008733DC00010E9CD /* Release */,
			);
			defaultConfigurationIsVisible = 0;
			defaultConfigurationName = Release;
		};
		1DEB922208733DC00010E9CD /* Build configuration list for PBXProject "PropSetter" */ = {
			isa = XCConfigurationList;
			buildConfigurations = (
				1DEB922308733DC00010E9CD /* Debug */,
				1DEB922408733DC00010E9CD /* Release */,
			);
			defaultConfigurationIsVisible = 0;
			defaultConfigurationName = Release;
		};
		BD80A3B30F894CAE0067878C /* Build configuration list for PBXNativeTarget "UnitTest" */ = {
			isa = XCConfigurationList;
			buildConfigurations = (
				BD80A3A40F894C800067878C /* Debug */,
				BD80A3A50F894C800067878C /* Release */,
			);
			defaultConfigurationIsVisible = 0;
			defaultConfigurationName = Release;
		};
		BE1871FA10F3826E00C8D044 /* Build configuration list for PBXLegacyTarget "Generate Grammars" */ = {
			isa = XCConfigurationList;
			buildConfigurations = (
				BE1871F010F3825E00C8D044 /* Debug */,
				BE1871F110F3825E00C8D044 /* Release */,
			);
			defaultConfigurationIsVisible = 0;
			defaultConfigurationName = Release;
		};
/* End XCConfigurationList section */
	};
	rootObject = 0867D690FE84028FC02AAC07 /* Project object */;
}
